
Microsoft Visual Studio Solution File, Format Version 12.00
# Visual Studio Version 16
VisualStudioVersion = 25.0.1706.0
MinimumVisualStudioVersion = 10.0.40219.1
Project("{FAE04EC0-301F-11D3-BF4B-00C04F79EFBC}") = "Bankomat", "Bankomat\Bankomat.csproj", "{71FCDFB1-72A8-42DC-AE7E-1BBF7C700182}"
EndProject
Global
	GlobalSection(SolutionConfigurationPlatforms) = preSolution
		Debug|Any CPU = Debug|Any CPU
		Release|Any CPU = Release|Any CPU
	EndGlobalSection
	GlobalSection(ProjectConfigurationPlatforms) = postSolution
		{71FCDFB1-72A8-42DC-AE7E-1BBF7C700182}.Debug|Any CPU.ActiveCfg = Debug|Any CPU
		{71FCDFB1-72A8-42DC-AE7E-1BBF7C700182}.Debug|Any CPU.Build.0 = Debug|Any CPU
		{71FCDFB1-72A8-42DC-AE7E-1BBF7C700182}.Release|Any CPU.ActiveCfg = Release|Any CPU
		{71FCDFB1-72A8-42DC-AE7E-1BBF7C700182}.Release|Any CPU.Build.0 = Release|Any CPU
	EndGlobalSection
	GlobalSection(SolutionProperties) = preSolution
		HideSolutionNode = FALSE
	EndGlobalSection
	GlobalSection(ExtensibilityGlobals) = postSolution
		SolutionGuid = {616510FD-2259-49F3-B9A9-B0E59C1145A4}
	EndGlobalSection
EndGlobal
